
Microsoft Visual Studio Solution File, Format Version 12.00
# Visual Studio Version 16
VisualStudioVersion = 16.0.31702.278
MinimumVisualStudioVersion = 10.0.40219.1
Project("{FAE04EC0-301F-11D3-BF4B-00C04F79EFBC}") = "GamesApi.Api", "GamesApi.Api\GamesApi.Api.csproj", "{05ABB3DF-253E-4B16-ADBF-F7AF3A6A612D}"
EndProject
Project("{FAE04EC0-301F-11D3-BF4B-00C04F79EFBC}") = "GamesApi.Logic", "GamesApi.Logic\GamesApi.Logic.csproj", "{5243D762-AF8E-4DD1-91F2-F09383DB6538}"
EndProject
Project("{FAE04EC0-301F-11D3-BF4B-00C04F79EFBC}") = "GamesApi.Models", "GamesApi.Models\GamesApi.Models.csproj", "{C28AB84F-BA60-4240-9679-C8918C680B45}"
EndProject
Global
	GlobalSection(SolutionConfigurationPlatforms) = preSolution
		Debug|Any CPU = Debug|Any CPU
		Release|Any CPU = Release|Any CPU
	EndGlobalSection
	GlobalSection(ProjectConfigurationPlatforms) = postSolution
		{05ABB3DF-253E-4B16-ADBF-F7AF3A6A612D}.Debug|Any CPU.ActiveCfg = Debug|Any CPU
		{05ABB3DF-253E-4B16-ADBF-F7AF3A6A612D}.Debug|Any CPU.Build.0 = Debug|Any CPU
		{05ABB3DF-253E-4B16-ADBF-F7AF3A6A612D}.Release|Any CPU.ActiveCfg = Release|Any CPU
		{05ABB3DF-253E-4B16-ADBF-F7AF3A6A612D}.Release|Any CPU.Build.0 = Release|Any CPU
		{5243D762-AF8E-4DD1-91F2-F09383DB6538}.Debug|Any CPU.ActiveCfg = Debug|Any CPU
		{5243D762-AF8E-4DD1-91F2-F09383DB6538}.Debug|Any CPU.Build.0 = Debug|Any CPU
		{5243D762-AF8E-4DD1-91F2-F09383DB6538}.Release|Any CPU.ActiveCfg = Release|Any CPU
		{5243D762-AF8E-4DD1-91F2-F09383DB6538}.Release|Any CPU.Build.0 = Release|Any CPU
		{C28AB84F-BA60-4240-9679-C8918C680B45}.Debug|Any CPU.ActiveCfg = Debug|Any CPU
		{C28AB84F-BA60-4240-9679-C8918C680B45}.Debug|Any CPU.Build.0 = Debug|Any CPU
		{C28AB84F-BA60-4240-9679-C8918C680B45}.Release|Any CPU.ActiveCfg = Release|Any CPU
		{C28AB84F-BA60-4240-9679-C8918C680B45}.Release|Any CPU.Build.0 = Release|Any CPU
	EndGlobalSection
	GlobalSection(SolutionProperties) = preSolution
		HideSolutionNode = FALSE
	EndGlobalSection
	GlobalSection(ExtensibilityGlobals) = postSolution
		SolutionGuid = {CAC1584C-F6E6-4017-B51E-4416C0404869}
	EndGlobalSection
EndGlobal
