
Microsoft Visual Studio Solution File, Format Version 12.00
# Visual Studio Version 16
VisualStudioVersion = 16.0.31702.278
MinimumVisualStudioVersion = 10.0.40219.1
Project("{FAE04EC0-301F-11D3-BF4B-00C04F79EFBC}") = "Games.Helpers", "Games.Helpers\Games.Helpers.csproj", "{424749EA-6790-445C-B0BA-D1DC0E5B597E}"
EndProject
Global
	GlobalSection(SolutionConfigurationPlatforms) = preSolution
		Debug|Any CPU = Debug|Any CPU
		Release|Any CPU = Release|Any CPU
	EndGlobalSection
	GlobalSection(ProjectConfigurationPlatforms) = postSolution
		{424749EA-6790-445C-B0BA-D1DC0E5B597E}.Debug|Any CPU.ActiveCfg = Debug|Any CPU
		{424749EA-6790-445C-B0BA-D1DC0E5B597E}.Debug|Any CPU.Build.0 = Debug|Any CPU
		{424749EA-6790-445C-B0BA-D1DC0E5B597E}.Release|Any CPU.ActiveCfg = Release|Any CPU
		{424749EA-6790-445C-B0BA-D1DC0E5B597E}.Release|Any CPU.Build.0 = Release|Any CPU
	EndGlobalSection
	GlobalSection(SolutionProperties) = preSolution
		HideSolutionNode = FALSE
	EndGlobalSection
	GlobalSection(ExtensibilityGlobals) = postSolution
		SolutionGuid = {EF4068E2-F9C4-4914-833E-70F2E02D9793}
	EndGlobalSection
EndGlobal
